
Microsoft Visual Studio Solution File, Format Version 12.00
# Visual Studio Version 16
VisualStudioVersion = 16.0.31624.102
MinimumVisualStudioVersion = 10.0.40219.1
Project("{FAE04EC0-301F-11D3-BF4B-00C04F79EFBC}") = "Wrath2Debug", "Wrath2Debug\Wrath2Debug.csproj", "{93F9C131-B1D5-4452-BE33-69449453C3D9}"
EndProject
Global
	GlobalSection(SolutionConfigurationPlatforms) = preSolution
		Debug|Any CPU = Debug|Any CPU
		Release|Any CPU = Release|Any CPU
	EndGlobalSection
	GlobalSection(ProjectConfigurationPlatforms) = postSolution
		{93F9C131-B1D5-4452-BE33-69449453C3D9}.Debug|Any CPU.ActiveCfg = Debug|Any CPU
		{93F9C131-B1D5-4452-BE33-69449453C3D9}.Debug|Any CPU.Build.0 = Debug|Any CPU
		{93F9C131-B1D5-4452-BE33-69449453C3D9}.Release|Any CPU.ActiveCfg = Release|Any CPU
		{93F9C131-B1D5-4452-BE33-69449453C3D9}.Release|Any CPU.Build.0 = Release|Any CPU
	EndGlobalSection
	GlobalSection(SolutionProperties) = preSolution
		HideSolutionNode = FALSE
	EndGlobalSection
	GlobalSection(ExtensibilityGlobals) = postSolution
		SolutionGuid = {1081DBEC-9A11-4D97-B47B-CAEFB556B970}
	EndGlobalSection
EndGlobal
